
Microsoft Visual Studio Solution File, Format Version 12.00
# Visual Studio Version 16
VisualStudioVersion = 16.0.29215.179
MinimumVisualStudioVersion = 10.0.40219.1
Project("{FAE04EC0-301F-11D3-BF4B-00C04F79EFBC}") = "Test Average", "Test Average\Test Average.csproj", "{6884537A-0EDC-4C59-834B-00C995A91187}"
EndProject
Global
	GlobalSection(SolutionConfigurationPlatforms) = preSolution
		Debug|Any CPU = Debug|Any CPU
		Release|Any CPU = Release|Any CPU
	EndGlobalSection
	GlobalSection(ProjectConfigurationPlatforms) = postSolution
		{6884537A-0EDC-4C59-834B-00C995A91187}.Debug|Any CPU.ActiveCfg = Debug|Any CPU
		{6884537A-0EDC-4C59-834B-00C995A91187}.Debug|Any CPU.Build.0 = Debug|Any CPU
		{6884537A-0EDC-4C59-834B-00C995A91187}.Release|Any CPU.ActiveCfg = Release|Any CPU
		{6884537A-0EDC-4C59-834B-00C995A91187}.Release|Any CPU.Build.0 = Release|Any CPU
	EndGlobalSection
	GlobalSection(SolutionProperties) = preSolution
		HideSolutionNode = FALSE
	EndGlobalSection
	GlobalSection(ExtensibilityGlobals) = postSolution
		SolutionGuid = {34B23F8D-DAA7-46C2-8668-263E95CA61FE}
	EndGlobalSection
EndGlobal
