
Microsoft Visual Studio Solution File, Format Version 12.00
# Visual Studio Version 16
VisualStudioVersion = 16.0.29324.140
MinimumVisualStudioVersion = 10.0.40219.1
Project("{FAE04EC0-301F-11D3-BF4B-00C04F79EFBC}") = "Lab 6", "Lab 5\Lab 6.csproj", "{D9C07F2D-A4FF-444A-944D-440E37998324}"
EndProject
Global
	GlobalSection(SolutionConfigurationPlatforms) = preSolution
		Debug|Any CPU = Debug|Any CPU
		Release|Any CPU = Release|Any CPU
	EndGlobalSection
	GlobalSection(ProjectConfigurationPlatforms) = postSolution
		{D9C07F2D-A4FF-444A-944D-440E37998324}.Debug|Any CPU.ActiveCfg = Debug|Any CPU
		{D9C07F2D-A4FF-444A-944D-440E37998324}.Debug|Any CPU.Build.0 = Debug|Any CPU
		{D9C07F2D-A4FF-444A-944D-440E37998324}.Release|Any CPU.ActiveCfg = Release|Any CPU
		{D9C07F2D-A4FF-444A-944D-440E37998324}.Release|Any CPU.Build.0 = Release|Any CPU
	EndGlobalSection
	GlobalSection(SolutionProperties) = preSolution
		HideSolutionNode = FALSE
	EndGlobalSection
	GlobalSection(ExtensibilityGlobals) = postSolution
		SolutionGuid = {DAE714CD-DA4D-4321-A453-27F8732D58D7}
	EndGlobalSection
EndGlobal
