
Microsoft Visual Studio Solution File, Format Version 12.00
# Visual Studio Version 16
VisualStudioVersion = 16.0.29324.140
MinimumVisualStudioVersion = 10.0.40219.1
Project("{FAE04EC0-301F-11D3-BF4B-00C04F79EFBC}") = "Lab 4", "Lab 4\Lab 4.csproj", "{D3BEDFC8-824D-48FE-B0B6-22E662D94CEE}"
EndProject
Global
	GlobalSection(SolutionConfigurationPlatforms) = preSolution
		Debug|Any CPU = Debug|Any CPU
		Release|Any CPU = Release|Any CPU
	EndGlobalSection
	GlobalSection(ProjectConfigurationPlatforms) = postSolution
		{D3BEDFC8-824D-48FE-B0B6-22E662D94CEE}.Debug|Any CPU.ActiveCfg = Debug|Any CPU
		{D3BEDFC8-824D-48FE-B0B6-22E662D94CEE}.Debug|Any CPU.Build.0 = Debug|Any CPU
		{D3BEDFC8-824D-48FE-B0B6-22E662D94CEE}.Release|Any CPU.ActiveCfg = Release|Any CPU
		{D3BEDFC8-824D-48FE-B0B6-22E662D94CEE}.Release|Any CPU.Build.0 = Release|Any CPU
	EndGlobalSection
	GlobalSection(SolutionProperties) = preSolution
		HideSolutionNode = FALSE
	EndGlobalSection
	GlobalSection(ExtensibilityGlobals) = postSolution
		SolutionGuid = {3210DAC9-19E6-43B2-978B-3887FB78DF21}
	EndGlobalSection
EndGlobal
